// !$*UTF8*$!
{
	archiveVersion = 1;
	classes = {
	};
	objectVersion = 46;
	objects = {

/* Begin PBXAggregateTarget section */
		24416B8111C4CA220047AFDD /* Build & Test */ = {
			isa = PBXAggregateTarget;
			buildConfigurationList = 24416B8A11C4CA520047AFDD /* Build configuration list for PBXAggregateTarget "Build & Test" */;
			buildPhases = (
				24416B8011C4CA220047AFDD /* ShellScript */,
			);
			dependencies = (
				24416B8511C4CA280047AFDD /* PBXTargetDependency */,
			);
			name = "Build & Test";
			productName = "Build & test";
		};
/* End PBXAggregateTarget section */

/* Begin PBXBuildFile section */
		AA747D9F0F9514B9006C5449 /* ComMfoggBarcode_Prefix.pch in Headers */ = {isa = PBXBuildFile; fileRef = AA747D9E0F9514B9006C5449 /* ComMfoggBarcode_Prefix.pch */; };
		AACBBE4A0F95108600F1A2B1 /* Foundation.framework in Frameworks */ = {isa = PBXBuildFile; fileRef = AACBBE490F95108600F1A2B1 /* Foundation.framework */; };
		F744C7991B42E2B200A15893 /* Decoder.h in Headers */ = {isa = PBXBuildFile; fileRef = F744C7841B42E2B200A15893 /* Decoder.h */; };
		F744C79A1B42E2B200A15893 /* Exception.h in Headers */ = {isa = PBXBuildFile; fileRef = F744C7851B42E2B200A15893 /* Exception.h */; };
		F744C79B1B42E2B200A15893 /* Image.h in Headers */ = {isa = PBXBuildFile; fileRef = F744C7861B42E2B200A15893 /* Image.h */; };
		F744C79C1B42E2B200A15893 /* ImageScanner.h in Headers */ = {isa = PBXBuildFile; fileRef = F744C7871B42E2B200A15893 /* ImageScanner.h */; };
		F744C79D1B42E2B200A15893 /* Processor.h in Headers */ = {isa = PBXBuildFile; fileRef = F744C7881B42E2B200A15893 /* Processor.h */; };
		F744C79E1B42E2B200A15893 /* Scanner.h in Headers */ = {isa = PBXBuildFile; fileRef = F744C7891B42E2B200A15893 /* Scanner.h */; };
		F744C79F1B42E2B200A15893 /* Symbol.h in Headers */ = {isa = PBXBuildFile; fileRef = F744C78A1B42E2B200A15893 /* Symbol.h */; };
		F744C7A01B42E2B200A15893 /* Video.h in Headers */ = {isa = PBXBuildFile; fileRef = F744C78B1B42E2B200A15893 /* Video.h */; };
		F744C7A11B42E2B200A15893 /* Window.h in Headers */ = {isa = PBXBuildFile; fileRef = F744C78C1B42E2B200A15893 /* Window.h */; };
		F744C7A21B42E2B200A15893 /* zbar.h in Headers */ = {isa = PBXBuildFile; fileRef = F744C78D1B42E2B200A15893 /* zbar.h */; };
		F744C7A31B42E2B200A15893 /* ZBarCameraSimulator.h in Headers */ = {isa = PBXBuildFile; fileRef = F744C78E1B42E2B200A15893 /* ZBarCameraSimulator.h */; };
		F744C7A41B42E2B200A15893 /* ZBarCaptureReader.h in Headers */ = {isa = PBXBuildFile; fileRef = F744C78F1B42E2B200A15893 /* ZBarCaptureReader.h */; };
		F744C7A51B42E2B200A15893 /* ZBarHelpController.h in Headers */ = {isa = PBXBuildFile; fileRef = F744C7901B42E2B200A15893 /* ZBarHelpController.h */; };
		F744C7A61B42E2B200A15893 /* ZBarImage.h in Headers */ = {isa = PBXBuildFile; fileRef = F744C7911B42E2B200A15893 /* ZBarImage.h */; };
		F744C7A71B42E2B200A15893 /* ZBarImageScanner.h in Headers */ = {isa = PBXBuildFile; fileRef = F744C7921B42E2B200A15893 /* ZBarImageScanner.h */; };
		F744C7A81B42E2B200A15893 /* ZBarReaderController.h in Headers */ = {isa = PBXBuildFile; fileRef = F744C7931B42E2B200A15893 /* ZBarReaderController.h */; };
		F744C7A91B42E2B200A15893 /* ZBarReaderView.h in Headers */ = {isa = PBXBuildFile; fileRef = F744C7941B42E2B200A15893 /* ZBarReaderView.h */; };
		F744C7AA1B42E2B200A15893 /* ZBarReaderViewController.h in Headers */ = {isa = PBXBuildFile; fileRef = F744C7951B42E2B200A15893 /* ZBarReaderViewController.h */; };
		F744C7AB1B42E2B200A15893 /* ZBarSDK.h in Headers */ = {isa = PBXBuildFile; fileRef = F744C7961B42E2B200A15893 /* ZBarSDK.h */; };
		F744C7AC1B42E2B200A15893 /* ZBarSymbol.h in Headers */ = {isa = PBXBuildFile; fileRef = F744C7971B42E2B200A15893 /* ZBarSymbol.h */; };
		F744C7AD1B42E2B200A15893 /* libzbar.a in Frameworks */ = {isa = PBXBuildFile; fileRef = F744C7981B42E2B200A15893 /* libzbar.a */; };
		F7DBD4BB1946313400A04DD3 /* ComMfoggBarcodeModule.h in Headers */ = {isa = PBXBuildFile; fileRef = F7DBD4B31946313400A04DD3 /* ComMfoggBarcodeModule.h */; };
		F7DBD4BC1946313400A04DD3 /* ComMfoggBarcodeModule.m in Sources */ = {isa = PBXBuildFile; fileRef = F7DBD4B41946313400A04DD3 /* ComMfoggBarcodeModule.m */; };
		F7DBD4BD1946313400A04DD3 /* ComMfoggBarcodeModuleAssets.h in Headers */ = {isa = PBXBuildFile; fileRef = F7DBD4B51946313400A04DD3 /* ComMfoggBarcodeModuleAssets.h */; };
		F7DBD4BE1946313400A04DD3 /* ComMfoggBarcodeModuleAssets.m in Sources */ = {isa = PBXBuildFile; fileRef = F7DBD4B61946313400A04DD3 /* ComMfoggBarcodeModuleAssets.m */; };
		F7DBD4BF1946313400A04DD3 /* ComMfoggBarcodeView.h in Headers */ = {isa = PBXBuildFile; fileRef = F7DBD4B71946313400A04DD3 /* ComMfoggBarcodeView.h */; };
		F7DBD4C01946313400A04DD3 /* ComMfoggBarcodeView.m in Sources */ = {isa = PBXBuildFile; fileRef = F7DBD4B81946313400A04DD3 /* ComMfoggBarcodeView.m */; };
		F7DBD4C11946313400A04DD3 /* ComMfoggBarcodeViewProxy.h in Headers */ = {isa = PBXBuildFile; fileRef = F7DBD4B91946313400A04DD3 /* ComMfoggBarcodeViewProxy.h */; };
		F7DBD4C21946313400A04DD3 /* ComMfoggBarcodeViewProxy.m in Sources */ = {isa = PBXBuildFile; fileRef = F7DBD4BA1946313400A04DD3 /* ComMfoggBarcodeViewProxy.m */; };
		F7DBD4C81946333800A04DD3 /* AVFoundation.framework in Frameworks */ = {isa = PBXBuildFile; fileRef = F7DBD4C31946333800A04DD3 /* AVFoundation.framework */; };
		F7DBD4C91946333800A04DD3 /* CoreMedia.framework in Frameworks */ = {isa = PBXBuildFile; fileRef = F7DBD4C41946333800A04DD3 /* CoreMedia.framework */; };
		F7DBD4CA1946333800A04DD3 /* CoreVideo.framework in Frameworks */ = {isa = PBXBuildFile; fileRef = F7DBD4C51946333800A04DD3 /* CoreVideo.framework */; };
		F7DBD4CB1946333800A04DD3 /* libiconv.dylib in Frameworks */ = {isa = PBXBuildFile; fileRef = F7DBD4C61946333800A04DD3 /* libiconv.dylib */; };
		F7DBD4CC1946333800A04DD3 /* QuartzCore.framework in Frameworks */ = {isa = PBXBuildFile; fileRef = F7DBD4C71946333800A04DD3 /* QuartzCore.framework */; };
/* End PBXBuildFile section */

/* Begin PBXContainerItemProxy section */
		24416B8411C4CA280047AFDD /* PBXContainerItemProxy */ = {
			isa = PBXContainerItemProxy;
			containerPortal = 0867D690FE84028FC02AAC07 /* Project object */;
			proxyType = 1;
			remoteGlobalIDString = D2AAC07D0554694100DB518D;
			remoteInfo = Barcode;
		};
/* End PBXContainerItemProxy section */

/* Begin PBXFileReference section */
		24DD6D1B1134B66800162E58 /* titanium.xcconfig */ = {isa = PBXFileReference; fileEncoding = 4; lastKnownFileType = text.xcconfig; path = titanium.xcconfig; sourceTree = "<group>"; };
		AA747D9E0F9514B9006C5449 /* ComMfoggBarcode_Prefix.pch */ = {isa = PBXFileReference; fileEncoding = 4; lastKnownFileType = sourcecode.c.h; path = ComMfoggBarcode_Prefix.pch; sourceTree = SOURCE_ROOT; };
		AACBBE490F95108600F1A2B1 /* Foundation.framework */ = {isa = PBXFileReference; lastKnownFileType = wrapper.framework; name = Foundation.framework; path = System/Library/Frameworks/Foundation.framework; sourceTree = SDKROOT; };
		D2AAC07E0554694100DB518D /* libComMfoggBarcode.a */ = {isa = PBXFileReference; explicitFileType = archive.ar; includeInIndex = 0; path = libComMfoggBarcode.a; sourceTree = BUILT_PRODUCTS_DIR; };
		F744C7841B42E2B200A15893 /* Decoder.h */ = {isa = PBXFileReference; fileEncoding = 4; lastKnownFileType = sourcecode.c.h; path = Decoder.h; sourceTree = "<group>"; };
		F744C7851B42E2B200A15893 /* Exception.h */ = {isa = PBXFileReference; fileEncoding = 4; lastKnownFileType = sourcecode.c.h; path = Exception.h; sourceTree = "<group>"; };
		F744C7861B42E2B200A15893 /* Image.h */ = {isa = PBXFileReference; fileEncoding = 4; lastKnownFileType = sourcecode.c.h; path = Image.h; sourceTree = "<group>"; };
		F744C7871B42E2B200A15893 /* ImageScanner.h */ = {isa = PBXFileReference; fileEncoding = 4; lastKnownFileType = sourcecode.c.h; path = ImageScanner.h; sourceTree = "<group>"; };
		F744C7881B42E2B200A15893 /* Processor.h */ = {isa = PBXFileReference; fileEncoding = 4; lastKnownFileType = sourcecode.c.h; path = Processor.h; sourceTree = "<group>"; };
		F744C7891B42E2B200A15893 /* Scanner.h */ = {isa = PBXFileReference; fileEncoding = 4; lastKnownFileType = sourcecode.c.h; path = Scanner.h; sourceTree = "<group>"; };
		F744C78A1B42E2B200A15893 /* Symbol.h */ = {isa = PBXFileReference; fileEncoding = 4; lastKnownFileType = sourcecode.c.h; path = Symbol.h; sourceTree = "<group>"; };
		F744C78B1B42E2B200A15893 /* Video.h */ = {isa = PBXFileReference; fileEncoding = 4; lastKnownFileType = sourcecode.c.h; path = Video.h; sourceTree = "<group>"; };
		F744C78C1B42E2B200A15893 /* Window.h */ = {isa = PBXFileReference; fileEncoding = 4; lastKnownFileType = sourcecode.c.h; path = Window.h; sourceTree = "<group>"; };
		F744C78D1B42E2B200A15893 /* zbar.h */ = {isa = PBXFileReference; fileEncoding = 4; lastKnownFileType = sourcecode.c.h; path = zbar.h; sourceTree = "<group>"; };
		F744C78E1B42E2B200A15893 /* ZBarCameraSimulator.h */ = {isa = PBXFileReference; fileEncoding = 4; lastKnownFileType = sourcecode.c.h; path = ZBarCameraSimulator.h; sourceTree = "<group>"; };
		F744C78F1B42E2B200A15893 /* ZBarCaptureReader.h */ = {isa = PBXFileReference; fileEncoding = 4; lastKnownFileType = sourcecode.c.h; path = ZBarCaptureReader.h; sourceTree = "<group>"; };
		F744C7901B42E2B200A15893 /* ZBarHelpController.h */ = {isa = PBXFileReference; fileEncoding = 4; lastKnownFileType = sourcecode.c.h; path = ZBarHelpController.h; sourceTree = "<group>"; };
		F744C7911B42E2B200A15893 /* ZBarImage.h */ = {isa = PBXFileReference; fileEncoding = 4; lastKnownFileType = sourcecode.c.h; path = ZBarImage.h; sourceTree = "<group>"; };
		F744C7921B42E2B200A15893 /* ZBarImageScanner.h */ = {isa = PBXFileReference; fileEncoding = 4; lastKnownFileType = sourcecode.c.h; path = ZBarImageScanner.h; sourceTree = "<group>"; };
		F744C7931B42E2B200A15893 /* ZBarReaderController.h */ = {isa = PBXFileReference; fileEncoding = 4; lastKnownFileType = sourcecode.c.h; path = ZBarReaderController.h; sourceTree = "<group>"; };
		F744C7941B42E2B200A15893 /* ZBarReaderView.h */ = {isa = PBXFileReference; fileEncoding = 4; lastKnownFileType = sourcecode.c.h; path = ZBarReaderView.h; sourceTree = "<group>"; };
		F744C7951B42E2B200A15893 /* ZBarReaderViewController.h */ = {isa = PBXFileReference; fileEncoding = 4; lastKnownFileType = sourcecode.c.h; path = ZBarReaderViewController.h; sourceTree = "<group>"; };
		F744C7961B42E2B200A15893 /* ZBarSDK.h */ = {isa = PBXFileReference; fileEncoding = 4; lastKnownFileType = sourcecode.c.h; path = ZBarSDK.h; sourceTree = "<group>"; };
		F744C7971B42E2B200A15893 /* ZBarSymbol.h */ = {isa = PBXFileReference; fileEncoding = 4; lastKnownFileType = sourcecode.c.h; path = ZBarSymbol.h; sourceTree = "<group>"; };
		F744C7981B42E2B200A15893 /* libzbar.a */ = {isa = PBXFileReference; lastKnownFileType = archive.ar; name = libzbar.a; path = ZBarSDK/libzbar.a; sourceTree = SOURCE_ROOT; };
		F7DBD4B21946313400A04DD3 /* .gitignore */ = {isa = PBXFileReference; fileEncoding = 4; lastKnownFileType = text; path = .gitignore; sourceTree = "<group>"; };
		F7DBD4B31946313400A04DD3 /* ComMfoggBarcodeModule.h */ = {isa = PBXFileReference; fileEncoding = 4; lastKnownFileType = sourcecode.c.h; path = ComMfoggBarcodeModule.h; sourceTree = "<group>"; };
		F7DBD4B41946313400A04DD3 /* ComMfoggBarcodeModule.m */ = {isa = PBXFileReference; fileEncoding = 4; lastKnownFileType = sourcecode.c.objc; path = ComMfoggBarcodeModule.m; sourceTree = "<group>"; };
		F7DBD4B51946313400A04DD3 /* ComMfoggBarcodeModuleAssets.h */ = {isa = PBXFileReference; fileEncoding = 4; lastKnownFileType = sourcecode.c.h; path = ComMfoggBarcodeModuleAssets.h; sourceTree = "<group>"; };
		F7DBD4B61946313400A04DD3 /* ComMfoggBarcodeModuleAssets.m */ = {isa = PBXFileReference; fileEncoding = 4; lastKnownFileType = sourcecode.c.objc; path = ComMfoggBarcodeModuleAssets.m; sourceTree = "<group>"; };
		F7DBD4B71946313400A04DD3 /* ComMfoggBarcodeView.h */ = {isa = PBXFileReference; fileEncoding = 4; lastKnownFileType = sourcecode.c.h; path = ComMfoggBarcodeView.h; sourceTree = "<group>"; };
		F7DBD4B81946313400A04DD3 /* ComMfoggBarcodeView.m */ = {isa = PBXFileReference; fileEncoding = 4; lastKnownFileType = sourcecode.c.objc; path = ComMfoggBarcodeView.m; sourceTree = "<group>"; };
		F7DBD4B91946313400A04DD3 /* ComMfoggBarcodeViewProxy.h */ = {isa = PBXFileReference; fileEncoding = 4; lastKnownFileType = sourcecode.c.h; path = ComMfoggBarcodeViewProxy.h; sourceTree = "<group>"; };
		F7DBD4BA1946313400A04DD3 /* ComMfoggBarcodeViewProxy.m */ = {isa = PBXFileReference; fileEncoding = 4; lastKnownFileType = sourcecode.c.objc; path = ComMfoggBarcodeViewProxy.m; sourceTree = "<group>"; };
		F7DBD4C31946333800A04DD3 /* AVFoundation.framework */ = {isa = PBXFileReference; lastKnownFileType = wrapper.framework; name = AVFoundation.framework; path = System/Library/Frameworks/AVFoundation.framework; sourceTree = SDKROOT; };
		F7DBD4C41946333800A04DD3 /* CoreMedia.framework */ = {isa = PBXFileReference; lastKnownFileType = wrapper.framework; name = CoreMedia.framework; path = System/Library/Frameworks/CoreMedia.framework; sourceTree = SDKROOT; };
		F7DBD4C51946333800A04DD3 /* CoreVideo.framework */ = {isa = PBXFileReference; lastKnownFileType = wrapper.framework; name = CoreVideo.framework; path = System/Library/Frameworks/CoreVideo.framework; sourceTree = SDKROOT; };
		F7DBD4C61946333800A04DD3 /* libiconv.dylib */ = {isa = PBXFileReference; lastKnownFileType = "compiled.mach-o.dylib"; name = libiconv.dylib; path = usr/lib/libiconv.dylib; sourceTree = SDKROOT; };
		F7DBD4C71946333800A04DD3 /* QuartzCore.framework */ = {isa = PBXFileReference; lastKnownFileType = wrapper.framework; name = QuartzCore.framework; path = System/Library/Frameworks/QuartzCore.framework; sourceTree = SDKROOT; };
/* End PBXFileReference section */

/* Begin PBXFrameworksBuildPhase section */
		D2AAC07C0554694100DB518D /* Frameworks */ = {
			isa = PBXFrameworksBuildPhase;
			buildActionMask = 2147483647;
			files = (
				F7DBD4C81946333800A04DD3 /* AVFoundation.framework in Frameworks */,
				F7DBD4C91946333800A04DD3 /* CoreMedia.framework in Frameworks */,
				F744C7AD1B42E2B200A15893 /* libzbar.a in Frameworks */,
				F7DBD4CA1946333800A04DD3 /* CoreVideo.framework in Frameworks */,
				F7DBD4CB1946333800A04DD3 /* libiconv.dylib in Frameworks */,
				F7DBD4CC1946333800A04DD3 /* QuartzCore.framework in Frameworks */,
				AACBBE4A0F95108600F1A2B1 /* Foundation.framework in Frameworks */,
			);
			runOnlyForDeploymentPostprocessing = 0;
		};
/* End PBXFrameworksBuildPhase section */

/* Begin PBXGroup section */
		034768DFFF38A50411DB9C8B /* Products */ = {
			isa = PBXGroup;
			children = (
				D2AAC07E0554694100DB518D /* libComMfoggBarcode.a */,
			);
			name = Products;
			sourceTree = "<group>";
		};
		0867D691FE84028FC02AAC07 /* Barcode */ = {
			isa = PBXGroup;
			children = (
				F7CAA4031B41CABB00030570 /* ZBarSDK */,
				F7DBD4B11946313400A04DD3 /* Classes */,
				32C88DFF0371C24200C91783 /* Other Sources */,
				0867D69AFE84028FC02AAC07 /* Frameworks */,
				034768DFFF38A50411DB9C8B /* Products */,
			);
			name = Barcode;
			sourceTree = "<group>";
		};
		0867D69AFE84028FC02AAC07 /* Frameworks */ = {
			isa = PBXGroup;
			children = (
				F7DBD4C31946333800A04DD3 /* AVFoundation.framework */,
				F7DBD4C41946333800A04DD3 /* CoreMedia.framework */,
				F7DBD4C51946333800A04DD3 /* CoreVideo.framework */,
				F7DBD4C61946333800A04DD3 /* libiconv.dylib */,
				F7DBD4C71946333800A04DD3 /* QuartzCore.framework */,
				AACBBE490F95108600F1A2B1 /* Foundation.framework */,
			);
			name = Frameworks;
			sourceTree = "<group>";
		};
		32C88DFF0371C24200C91783 /* Other Sources */ = {
			isa = PBXGroup;
			children = (
				AA747D9E0F9514B9006C5449 /* ComMfoggBarcode_Prefix.pch */,
				24DD6D1B1134B66800162E58 /* titanium.xcconfig */,
			);
			name = "Other Sources";
			sourceTree = "<group>";
		};
		F744C7821B42E2B200A15893 /* Headers */ = {
			isa = PBXGroup;
			children = (
				F744C7831B42E2B200A15893 /* zbar */,
				F744C78D1B42E2B200A15893 /* zbar.h */,
				F744C78E1B42E2B200A15893 /* ZBarCameraSimulator.h */,
				F744C78F1B42E2B200A15893 /* ZBarCaptureReader.h */,
				F744C7901B42E2B200A15893 /* ZBarHelpController.h */,
				F744C7911B42E2B200A15893 /* ZBarImage.h */,
				F744C7921B42E2B200A15893 /* ZBarImageScanner.h */,
				F744C7931B42E2B200A15893 /* ZBarReaderController.h */,
				F744C7941B42E2B200A15893 /* ZBarReaderView.h */,
				F744C7951B42E2B200A15893 /* ZBarReaderViewController.h */,
				F744C7961B42E2B200A15893 /* ZBarSDK.h */,
				F744C7971B42E2B200A15893 /* ZBarSymbol.h */,
			);
			name = Headers;
			path = ZBarSDK/Headers;
			sourceTree = SOURCE_ROOT;
		};
		F744C7831B42E2B200A15893 /* zbar */ = {
			isa = PBXGroup;
			children = (
				F744C7841B42E2B200A15893 /* Decoder.h */,
				F744C7851B42E2B200A15893 /* Exception.h */,
				F744C7861B42E2B200A15893 /* Image.h */,
				F744C7871B42E2B200A15893 /* ImageScanner.h */,
				F744C7881B42E2B200A15893 /* Processor.h */,
				F744C7891B42E2B200A15893 /* Scanner.h */,
				F744C78A1B42E2B200A15893 /* Symbol.h */,
				F744C78B1B42E2B200A15893 /* Video.h */,
				F744C78C1B42E2B200A15893 /* Window.h */,
			);
			path = zbar;
			sourceTree = "<group>";
		};
		F7CAA4031B41CABB00030570 /* ZBarSDK */ = {
			isa = PBXGroup;
			children = (
				F744C7821B42E2B200A15893 /* Headers */,
				F744C7981B42E2B200A15893 /* libzbar.a */,
			);
			name = ZBarSDK;
			path = ../../Downloads/ZBarSDK;
			sourceTree = "<group>";
		};
		F7DBD4B11946313400A04DD3 /* Classes */ = {
			isa = PBXGroup;
			children = (
				F7DBD4B21946313400A04DD3 /* .gitignore */,
				F7DBD4B31946313400A04DD3 /* ComMfoggBarcodeModule.h */,
				F7DBD4B41946313400A04DD3 /* ComMfoggBarcodeModule.m */,
				F7DBD4B51946313400A04DD3 /* ComMfoggBarcodeModuleAssets.h */,
				F7DBD4B61946313400A04DD3 /* ComMfoggBarcodeModuleAssets.m */,
				F7DBD4B71946313400A04DD3 /* ComMfoggBarcodeView.h */,
				F7DBD4B81946313400A04DD3 /* ComMfoggBarcodeView.m */,
				F7DBD4B91946313400A04DD3 /* ComMfoggBarcodeViewProxy.h */,
				F7DBD4BA1946313400A04DD3 /* ComMfoggBarcodeViewProxy.m */,
			);
			path = Classes;
			sourceTree = "<group>";
		};
/* End PBXGroup section */

/* Begin PBXHeadersBuildPhase section */
		D2AAC07A0554694100DB518D /* Headers */ = {
			isa = PBXHeadersBuildPhase;
			buildActionMask = 2147483647;
			files = (
				F744C7AB1B42E2B200A15893 /* ZBarSDK.h in Headers */,
				F744C7A21B42E2B200A15893 /* zbar.h in Headers */,
				F744C7A61B42E2B200A15893 /* ZBarImage.h in Headers */,
				F744C79B1B42E2B200A15893 /* Image.h in Headers */,
				F744C79E1B42E2B200A15893 /* Scanner.h in Headers */,
				F744C7A31B42E2B200A15893 /* ZBarCameraSimulator.h in Headers */,
				F744C7AC1B42E2B200A15893 /* ZBarSymbol.h in Headers */,
				F744C79D1B42E2B200A15893 /* Processor.h in Headers */,
				F7DBD4BB1946313400A04DD3 /* ComMfoggBarcodeModule.h in Headers */,
				F744C7A91B42E2B200A15893 /* ZBarReaderView.h in Headers */,
				F744C7A11B42E2B200A15893 /* Window.h in Headers */,
				F744C7A71B42E2B200A15893 /* ZBarImageScanner.h in Headers */,
				F744C7AA1B42E2B200A15893 /* ZBarReaderViewController.h in Headers */,
				F744C7A01B42E2B200A15893 /* Video.h in Headers */,
				F744C79F1B42E2B200A15893 /* Symbol.h in Headers */,
				F7DBD4C11946313400A04DD3 /* ComMfoggBarcodeViewProxy.h in Headers */,
				F7DBD4BF1946313400A04DD3 /* ComMfoggBarcodeView.h in Headers */,
				F7DBD4BD1946313400A04DD3 /* ComMfoggBarcodeModuleAssets.h in Headers */,
				F744C7A51B42E2B200A15893 /* ZBarHelpController.h in Headers */,
				AA747D9F0F9514B9006C5449 /* ComMfoggBarcode_Prefix.pch in Headers */,
				F744C79C1B42E2B200A15893 /* ImageScanner.h in Headers */,
				F744C79A1B42E2B200A15893 /* Exception.h in Headers */,
				F744C7991B42E2B200A15893 /* Decoder.h in Headers */,
				F744C7A81B42E2B200A15893 /* ZBarReaderController.h in Headers */,
				F744C7A41B42E2B200A15893 /* ZBarCaptureReader.h in Headers */,
			);
			runOnlyForDeploymentPostprocessing = 0;
		};
/* End PBXHeadersBuildPhase section */

/* Begin PBXNativeTarget section */
		D2AAC07D0554694100DB518D /* Barcode */ = {
			isa = PBXNativeTarget;
			buildConfigurationList = 1DEB921E08733DC00010E9CD /* Build configuration list for PBXNativeTarget "Barcode" */;
			buildPhases = (
				D2AAC07A0554694100DB518D /* Headers */,
				D2AAC07B0554694100DB518D /* Sources */,
				D2AAC07C0554694100DB518D /* Frameworks */,
			);
			buildRules = (
			);
			dependencies = (
			);
			name = Barcode;
			productName = Barcode;
			productReference = D2AAC07E0554694100DB518D /* libComMfoggBarcode.a */;
			productType = "com.apple.product-type.library.static";
		};
/* End PBXNativeTarget section */

/* Begin PBXProject section */
		0867D690FE84028FC02AAC07 /* Project object */ = {
			isa = PBXProject;
			attributes = {
				LastUpgradeCheck = 0610;
			};
			buildConfigurationList = 1DEB922208733DC00010E9CD /* Build configuration list for PBXProject "Barcode" */;
			compatibilityVersion = "Xcode 3.2";
			developmentRegion = English;
			hasScannedForEncodings = 1;
			knownRegions = (
				English,
				Japanese,
				French,
				German,
			);
			mainGroup = 0867D691FE84028FC02AAC07 /* Barcode */;
			productRefGroup = 034768DFFF38A50411DB9C8B /* Products */;
			projectDirPath = "";
			projectRoot = "";
			targets = (
				D2AAC07D0554694100DB518D /* Barcode */,
				24416B8111C4CA220047AFDD /* Build & Test */,
			);
		};
/* End PBXProject section */

/* Begin PBXShellScriptBuildPhase section */
		24416B8011C4CA220047AFDD /* ShellScript */ = {
			isa = PBXShellScriptBuildPhase;
			buildActionMask = 2147483647;
			files = (
			);
			inputPaths = (
			);
			outputPaths = (
			);
			runOnlyForDeploymentPostprocessing = 0;
			shellPath = /bin/sh;
			shellScript = "# shell script goes here\n\npython \"${TITANIUM_SDK}/titanium.py\" run --dir=\"${PROJECT_DIR}\"\nexit $?\n";
		};
/* End PBXShellScriptBuildPhase section */

/* Begin PBXSourcesBuildPhase section */
		D2AAC07B0554694100DB518D /* Sources */ = {
			isa = PBXSourcesBuildPhase;
			buildActionMask = 2147483647;
			files = (
				F7DBD4BE1946313400A04DD3 /* ComMfoggBarcodeModuleAssets.m in Sources */,
				F7DBD4C21946313400A04DD3 /* ComMfoggBarcodeViewProxy.m in Sources */,
				F7DBD4C01946313400A04DD3 /* ComMfoggBarcodeView.m in Sources */,
				F7DBD4BC1946313400A04DD3 /* ComMfoggBarcodeModule.m in Sources */,
			);
			runOnlyForDeploymentPostprocessing = 0;
		};
/* End PBXSourcesBuildPhase section */

/* Begin PBXTargetDependency section */
		24416B8511C4CA280047AFDD /* PBXTargetDependency */ = {
			isa = PBXTargetDependency;
			target = D2AAC07D0554694100DB518D /* Barcode */;
			targetProxy = 24416B8411C4CA280047AFDD /* PBXContainerItemProxy */;
		};
/* End PBXTargetDependency section */

/* Begin XCBuildConfiguration section */
		1DEB921F08733DC00010E9CD /* Debug */ = {
			isa = XCBuildConfiguration;
			baseConfigurationReference = 24DD6D1B1134B66800162E58 /* titanium.xcconfig */;
			buildSettings = {
				CODE_SIGN_IDENTITY = "iPhone Developer";
				"CODE_SIGN_IDENTITY[sdk=iphoneos*]" = "iPhone Developer";
				DSTROOT = /tmp/ComMfoggBarcode.dst;
				GCC_C_LANGUAGE_STANDARD = c99;
				GCC_OPTIMIZATION_LEVEL = 0;
				GCC_PRECOMPILE_PREFIX_HEADER = YES;
				GCC_PREFIX_HEADER = ComMfoggBarcode_Prefix.pch;
				GCC_PREPROCESSOR_DEFINITIONS = "TI_VERSION=$(TI_VERSION)";
				GCC_TREAT_WARNINGS_AS_ERRORS = NO;
				GCC_VERSION = "";
				GCC_WARN_ABOUT_RETURN_TYPE = NO;
				GCC_WARN_MISSING_PARENTHESES = NO;
				GCC_WARN_SHADOW = NO;
				GCC_WARN_STRICT_SELECTOR_MATCH = NO;
				GCC_WARN_UNUSED_FUNCTION = YES;
				GCC_WARN_UNUSED_PARAMETER = NO;
				GCC_WARN_UNUSED_VALUE = NO;
				GCC_WARN_UNUSED_VARIABLE = NO;
				INSTALL_PATH = /usr/local/lib;
				LIBRARY_SEARCH_PATHS = (
					"/Users/mfogg/Sites/Acktie-Mobile-iOS-Barcode-Reader/ZBarSDK",
					"$(PROJECT_DIR)/ZBarSDK",
					/Users/mfogg/Downloads/ZBarSDK,
					/Users/mfogg/Downloads,
				);
				ONLY_ACTIVE_ARCH = NO;
				OTHER_CFLAGS = (
					"-DDEBUG",
					"-DTI_POST_1_2",
				);
				OTHER_LDFLAGS = "-ObjC";
				PRODUCT_NAME = ComMfoggBarcode;
				PROVISIONING_PROFILE = "";
				"PROVISIONING_PROFILE[sdk=iphoneos*]" = "";
				RUN_CLANG_STATIC_ANALYZER = NO;
				SDKROOT = iphoneos;
				USER_HEADER_SEARCH_PATHS = "";
			};
			name = Debug;
		};
		1DEB922008733DC00010E9CD /* Release */ = {
			isa = XCBuildConfiguration;
			baseConfigurationReference = 24DD6D1B1134B66800162E58 /* titanium.xcconfig */;
			buildSettings = {
				ALWAYS_SEARCH_USER_PATHS = NO;
				DSTROOT = /tmp/ComMfoggBarcode.dst;
				GCC_C_LANGUAGE_STANDARD = c99;
				GCC_MODEL_TUNING = G5;
				GCC_PRECOMPILE_PREFIX_HEADER = YES;
				GCC_PREFIX_HEADER = ComMfoggBarcode_Prefix.pch;
				GCC_PREPROCESSOR_DEFINITIONS = "TI_VERSION=$(TI_VERSION)";
				GCC_TREAT_WARNINGS_AS_ERRORS = NO;
				GCC_VERSION = "";
				GCC_WARN_ABOUT_RETURN_TYPE = NO;
				GCC_WARN_MISSING_PARENTHESES = NO;
				GCC_WARN_SHADOW = NO;
				GCC_WARN_STRICT_SELECTOR_MATCH = NO;
				GCC_WARN_UNUSED_FUNCTION = YES;
				GCC_WARN_UNUSED_PARAMETER = NO;
				GCC_WARN_UNUSED_VALUE = NO;
				GCC_WARN_UNUSED_VARIABLE = NO;
				INSTALL_PATH = /usr/local/lib;
				IPHONEOS_DEPLOYMENT_TARGET = 6.0;
				LIBRARY_SEARCH_PATHS = (
					"/Users/mfogg/Sites/Acktie-Mobile-iOS-Barcode-Reader/ZBarSDK",
					"$(PROJECT_DIR)/ZBarSDK",
					/Users/mfogg/Downloads/ZBarSDK,
					/Users/mfogg/Downloads,
				);
				ONLY_ACTIVE_ARCH = NO;
				OTHER_CFLAGS = "-DTI_POST_1_2";
				OTHER_LDFLAGS = "-ObjC";
				PRODUCT_NAME = ComMfoggBarcode;
				RUN_CLANG_STATIC_ANALYZER = NO;
				SDKROOT = iphoneos;
				USER_HEADER_SEARCH_PATHS = "";
			};
			name = Release;
		};
		1DEB922308733DC00010E9CD /* Debug */ = {
			isa = XCBuildConfiguration;
			baseConfigurationReference = 24DD6D1B1134B66800162E58 /* titanium.xcconfig */;
			buildSettings = {
				"ARCHS[sdk=iphoneos*]" = "$(ARCHS_STANDARD)";
				"ARCHS[sdk=iphonesimulator*]" = "$(ARCHS_STANDARD)";
				CODE_SIGN_IDENTITY = "iPhone Developer";
				"CODE_SIGN_IDENTITY[sdk=iphoneos*]" = "iPhone Developer";
				DSTROOT = /tmp/ComMfoggBarcode.dst;
				GCC_C_LANGUAGE_STANDARD = c99;
				GCC_OPTIMIZATION_LEVEL = 0;
				GCC_PRECOMPILE_PREFIX_HEADER = YES;
				GCC_PREFIX_HEADER = ComMfoggBarcode_Prefix.pch;
				GCC_PREPROCESSOR_DEFINITIONS = "TI_VERSION=$(TI_VERSION)";
				GCC_TREAT_WARNINGS_AS_ERRORS = NO;
				GCC_VERSION = "";
				GCC_WARN_ABOUT_RETURN_TYPE = NO;
				GCC_WARN_MISSING_PARENTHESES = NO;
				GCC_WARN_SHADOW = NO;
				GCC_WARN_STRICT_SELECTOR_MATCH = NO;
				GCC_WARN_UNUSED_FUNCTION = YES;
				GCC_WARN_UNUSED_PARAMETER = NO;
				GCC_WARN_UNUSED_VALUE = NO;
				GCC_WARN_UNUSED_VARIABLE = NO;
				INSTALL_PATH = /usr/local/lib;
				IPHONEOS_DEPLOYMENT_TARGET = 6.0;
				ONLY_ACTIVE_ARCH = YES;
				OTHER_CFLAGS = (
					"-DDEBUG",
					"-DTI_POST_1_2",
				);
				OTHER_LDFLAGS = "-ObjC";
				PRODUCT_NAME = ComMfoggBarcode;
				PROVISIONING_PROFILE = "";
				"PROVISIONING_PROFILE[sdk=iphoneos*]" = "";
				RUN_CLANG_STATIC_ANALYZER = NO;
				SDKROOT = iphoneos;
				USER_HEADER_SEARCH_PATHS = "";
				VALID_ARCHS = "armv7 i386 x86_64 arm64";
			};
			name = Debug;
		};
		1DEB922408733DC00010E9CD /* Release */ = {
			isa = XCBuildConfiguration;
			baseConfigurationReference = 24DD6D1B1134B66800162E58 /* titanium.xcconfig */;
			buildSettings = {
				ALWAYS_SEARCH_USER_PATHS = NO;
				"ARCHS[sdk=iphoneos*]" = "$(ARCHS_STANDARD)";
				"ARCHS[sdk=iphonesimulator*]" = "$(ARCHS_STANDARD)";
				DSTROOT = /tmp/ComMfoggBarcode.dst;
				GCC_C_LANGUAGE_STANDARD = c99;
				GCC_MODEL_TUNING = G5;
				GCC_PRECOMPILE_PREFIX_HEADER = YES;
				GCC_PREFIX_HEADER = ComMfoggBarcode_Prefix.pch;
				GCC_PREPROCESSOR_DEFINITIONS = "TI_VERSION=$(TI_VERSION)";
				GCC_TREAT_WARNINGS_AS_ERRORS = NO;
				GCC_VERSION = "";
				GCC_WARN_ABOUT_RETURN_TYPE = NO;
				GCC_WARN_MISSING_PARENTHESES = NO;
				GCC_WARN_SHADOW = NO;
				GCC_WARN_STRICT_SELECTOR_MATCH = NO;
				GCC_WARN_UNUSED_FUNCTION = YES;
				GCC_WARN_UNUSED_PARAMETER = NO;
				GCC_WARN_UNUSED_VALUE = NO;
				GCC_WARN_UNUSED_VARIABLE = NO;
				INSTALL_PATH = /usr/local/lib;
				IPHONEOS_DEPLOYMENT_TARGET = 6.0;
				OTHER_CFLAGS = "-DTI_POST_1_2";
				OTHER_LDFLAGS = "-ObjC";
				PRODUCT_NAME = ComMfoggBarcode;
				RUN_CLANG_STATIC_ANALYZER = NO;
				SDKROOT = iphoneos;
				USER_HEADER_SEARCH_PATHS = "";
				VALID_ARCHS = "armv7 i386 x86_64 arm64";
			};
			name = Release;
		};
		24416B8211C4CA220047AFDD /* Debug */ = {
			isa = XCBuildConfiguration;
			baseConfigurationReference = 24DD6D1B1134B66800162E58 /* titanium.xcconfig */;
			buildSettings = {
				COPY_PHASE_STRIP = NO;
				GCC_DYNAMIC_NO_PIC = NO;
				GCC_OPTIMIZATION_LEVEL = 0;
				PRODUCT_NAME = "Build & test";
			};
			name = Debug;
		};
		24416B8311C4CA220047AFDD /* Release */ = {
			isa = XCBuildConfiguration;
			baseConfigurationReference = 24DD6D1B1134B66800162E58 /* titanium.xcconfig */;
			buildSettings = {
				COPY_PHASE_STRIP = YES;
				DEBUG_INFORMATION_FORMAT = "dwarf-with-dsym";
				GCC_ENABLE_FIX_AND_CONTINUE = NO;
				PRODUCT_NAME = "Build & test";
				ZERO_LINK = NO;
			};
			name = Release;
		};
/* End XCBuildConfiguration section */

/* Begin XCConfigurationList section */
		1DEB921E08733DC00010E9CD /* Build configuration list for PBXNativeTarget "Barcode" */ = {
			isa = XCConfigurationList;
			buildConfigurations = (
				1DEB921F08733DC00010E9CD /* Debug */,
				1DEB922008733DC00010E9CD /* Release */,
			);
			defaultConfigurationIsVisible = 0;
			defaultConfigurationName = Release;
		};
		1DEB922208733DC00010E9CD /* Build configuration list for PBXProject "Barcode" */ = {
			isa = XCConfigurationList;
			buildConfigurations = (
				1DEB922308733DC00010E9CD /* Debug */,
				1DEB922408733DC00010E9CD /* Release */,
			);
			defaultConfigurationIsVisible = 0;
			defaultConfigurationName = Release;
		};
		24416B8A11C4CA520047AFDD /* Build configuration list for PBXAggregateTarget "Build & Test" */ = {
			isa = XCConfigurationList;
			buildConfigurations = (
				24416B8211C4CA220047AFDD /* Debug */,
				24416B8311C4CA220047AFDD /* Release */,
			);
			defaultConfigurationIsVisible = 0;
			defaultConfigurationName = Release;
		};
/* End XCConfigurationList section */
	};
	rootObject = 0867D690FE84028FC02AAC07 /* Project object */;
}
